
Microsoft Visual Studio Solution File, Format Version 12.00
# Visual Studio Version 16
VisualStudioVersion = 16.0.30611.23
MinimumVisualStudioVersion = 10.0.40219.1
Project("{FAE04EC0-301F-11D3-BF4B-00C04F79EFBC}") = "PiwikClientTest", "PiwikClientTest\PiwikClientTest.csproj", "{F7B3C87A-DE02-4808-881B-AF4A7FAC43B8}"
EndProject
Project("{FAE04EC0-301F-11D3-BF4B-00C04F79EFBC}") = "Piwik.Tracker", "Piwik.Tracker\Piwik.Tracker.csproj", "{C3BB0E94-F45C-4691-81FF-061FC20E3209}"
EndProject
Project("{2150E333-8FDC-42A3-9474-1A3956D46DE8}") = "Solution Items", "Solution Items", "{6569AD10-0A30-4722-BAA8-25491CF15136}"
EndProject
Project("{FAE04EC0-301F-11D3-BF4B-00C04F79EFBC}") = "WPSX.Tracker", "WPSX.Tracker\WPSX.Tracker.csproj", "{DFF8CE34-34E4-4126-A690-550786518FC9}"
EndProject
Project("{FAE04EC0-301F-11D3-BF4B-00C04F79EFBC}") = "ReportViewer", "ReportViewer\ReportViewer.csproj", "{151D7FA0-E6EE-45A1-9BF2-8A4D6FCC32AC}"
EndProject
Project("{FAE04EC0-301F-11D3-BF4B-00C04F79EFBC}") = "Utility", "Utility\Utility.csproj", "{40D9BDE4-D90C-4238-A31F-E40A608EC7EB}"
EndProject
Project("{FAE04EC0-301F-11D3-BF4B-00C04F79EFBC}") = "WPSXWrapper", "WPSXWrapper\WPSXWrapper.csproj", "{486BD8C0-DE1A-482B-A1BD-8A409D4D23C5}"
EndProject
Project("{8BC9CEB8-8B4A-11D0-8D11-00A0C91BC942}") = "COMInterfaceTester", "COMInterfaceTester\COMInterfaceTester.vcxproj", "{C34123EA-E201-49D0-AE22-503E58F7CADD}"
	ProjectSection(ProjectDependencies) = postProject
		{486BD8C0-DE1A-482B-A1BD-8A409D4D23C5} = {486BD8C0-DE1A-482B-A1BD-8A409D4D23C5}
	EndProjectSection
EndProject
Project("{FAE04EC0-301F-11D3-BF4B-00C04F79EFBC}") = "WrapperTester", "WrapperTester\WrapperTester.csproj", "{EA425488-5DBB-462C-A79B-A1B24FDE5E3A}"
EndProject
Project("{FAE04EC0-301F-11D3-BF4B-00C04F79EFBC}") = "WPSX.TrackerAsync", "WPSX.TrackerAsync\WPSX.TrackerAsync.csproj", "{4F918B93-B6C4-456C-9BA5-A15B712CC9CA}"
EndProject
Project("{FAE04EC0-301F-11D3-BF4B-00C04F79EFBC}") = "WDUSB.Tracker", "WDUSB.Tracker\WDUSB.Tracker.csproj", "{2B622B12-1FE6-4B6B-A122-C6910B045BAF}"
EndProject
Project("{FAE04EC0-301F-11D3-BF4B-00C04F79EFBC}") = "WDUSB.Tester", "WDUSB.Tester\WDUSB.Tester.csproj", "{69141536-9847-406D-8552-F5BE96D003BF}"
EndProject
Project("{FAE04EC0-301F-11D3-BF4B-00C04F79EFBC}") = "Renci.SshNet", "..\..\..\..\..\..\Workspace\SSH.NET\src\Renci.SshNet\Renci.SshNet.csproj", "{2F5F8C90-0BD1-424F-997C-7BC6280919D1}"
EndProject
Project("{FAE04EC0-301F-11D3-BF4B-00C04F79EFBC}") = "WC8.Tracker", "WC8.Tracker\WC8.Tracker.csproj", "{8D519236-C569-4492-B29B-3A3C8861ACD8}"
EndProject
Project("{FAE04EC0-301F-11D3-BF4B-00C04F79EFBC}") = "WC8.Tester", "WC8.Tester\WC8.Tester.csproj", "{D7C85C3F-FE3B-426F-9C8F-5D4ADEFBBB6F}"
EndProject
Project("{FAE04EC0-301F-11D3-BF4B-00C04F79EFBC}") = "WCT.Tracker", "WCT.Tracker\WCT.Tracker.csproj", "{813889B5-C9A5-4978-B4CD-75DE743A3C73}"
EndProject
Project("{FAE04EC0-301F-11D3-BF4B-00C04F79EFBC}") = "Report Viewer 2", "Report Viewer 2\Report Viewer 2.csproj", "{3B4AA939-7C65-4E5B-8416-BE6C92F277D7}"
EndProject
Project("{FAE04EC0-301F-11D3-BF4B-00C04F79EFBC}") = "Phone2Pc.Tracker", "Phone2Pc.Tracker\Phone2Pc.Tracker.csproj", "{FEB70291-112A-44CE-87DD-9042186555DE}"
EndProject
Project("{FAE04EC0-301F-11D3-BF4B-00C04F79EFBC}") = "Phone2Pc.Test", "Phone2Pc.Test\Phone2Pc.Test.csproj", "{93892476-83AE-47CD-95E6-33BF103337B6}"
EndProject
Global
	GlobalSection(SolutionConfigurationPlatforms) = preSolution
		Debug|Any CPU = Debug|Any CPU
		Debug|x64 = Debug|x64
		Debug|x86 = Debug|x86
		Release|Any CPU = Release|Any CPU
		Release|x64 = Release|x64
		Release|x86 = Release|x86
	EndGlobalSection
	GlobalSection(ProjectConfigurationPlatforms) = postSolution
		{F7B3C87A-DE02-4808-881B-AF4A7FAC43B8}.Debug|Any CPU.ActiveCfg = Debug|Any CPU
		{F7B3C87A-DE02-4808-881B-AF4A7FAC43B8}.Debug|Any CPU.Build.0 = Debug|Any CPU
		{F7B3C87A-DE02-4808-881B-AF4A7FAC43B8}.Debug|x64.ActiveCfg = Debug|Any CPU
		{F7B3C87A-DE02-4808-881B-AF4A7FAC43B8}.Debug|x64.Build.0 = Debug|Any CPU
		{F7B3C87A-DE02-4808-881B-AF4A7FAC43B8}.Debug|x86.ActiveCfg = Debug|Any CPU
		{F7B3C87A-DE02-4808-881B-AF4A7FAC43B8}.Debug|x86.Build.0 = Debug|Any CPU
		{F7B3C87A-DE02-4808-881B-AF4A7FAC43B8}.Release|Any CPU.ActiveCfg = Release|Any CPU
		{F7B3C87A-DE02-4808-881B-AF4A7FAC43B8}.Release|Any CPU.Build.0 = Release|Any CPU
		{F7B3C87A-DE02-4808-881B-AF4A7FAC43B8}.Release|x64.ActiveCfg = Release|Any CPU
		{F7B3C87A-DE02-4808-881B-AF4A7FAC43B8}.Release|x64.Build.0 = Release|Any CPU
		{F7B3C87A-DE02-4808-881B-AF4A7FAC43B8}.Release|x86.ActiveCfg = Release|Any CPU
		{F7B3C87A-DE02-4808-881B-AF4A7FAC43B8}.Release|x86.Build.0 = Release|Any CPU
		{C3BB0E94-F45C-4691-81FF-061FC20E3209}.Debug|Any CPU.ActiveCfg = Debug|Any CPU
		{C3BB0E94-F45C-4691-81FF-061FC20E3209}.Debug|Any CPU.Build.0 = Debug|Any CPU
		{C3BB0E94-F45C-4691-81FF-061FC20E3209}.Debug|x64.ActiveCfg = Debug|Any CPU
		{C3BB0E94-F45C-4691-81FF-061FC20E3209}.Debug|x64.Build.0 = Debug|Any CPU
		{C3BB0E94-F45C-4691-81FF-061FC20E3209}.Debug|x86.ActiveCfg = Debug|Any CPU
		{C3BB0E94-F45C-4691-81FF-061FC20E3209}.Debug|x86.Build.0 = Debug|Any CPU
		{C3BB0E94-F45C-4691-81FF-061FC20E3209}.Release|Any CPU.ActiveCfg = Release|Any CPU
		{C3BB0E94-F45C-4691-81FF-061FC20E3209}.Release|Any CPU.Build.0 = Release|Any CPU
		{C3BB0E94-F45C-4691-81FF-061FC20E3209}.Release|x64.ActiveCfg = Release|Any CPU
		{C3BB0E94-F45C-4691-81FF-061FC20E3209}.Release|x64.Build.0 = Release|Any CPU
		{C3BB0E94-F45C-4691-81FF-061FC20E3209}.Release|x86.ActiveCfg = Release|Any CPU
		{C3BB0E94-F45C-4691-81FF-061FC20E3209}.Release|x86.Build.0 = Release|Any CPU
		{DFF8CE34-34E4-4126-A690-550786518FC9}.Debug|Any CPU.ActiveCfg = Debug|Any CPU
		{DFF8CE34-34E4-4126-A690-550786518FC9}.Debug|Any CPU.Build.0 = Debug|Any CPU
		{DFF8CE34-34E4-4126-A690-550786518FC9}.Debug|x64.ActiveCfg = Debug|Any CPU
		{DFF8CE34-34E4-4126-A690-550786518FC9}.Debug|x64.Build.0 = Debug|Any CPU
		{DFF8CE34-34E4-4126-A690-550786518FC9}.Debug|x86.ActiveCfg = Debug|Any CPU
		{DFF8CE34-34E4-4126-A690-550786518FC9}.Debug|x86.Build.0 = Debug|Any CPU
		{DFF8CE34-34E4-4126-A690-550786518FC9}.Release|Any CPU.ActiveCfg = Release|Any CPU
		{DFF8CE34-34E4-4126-A690-550786518FC9}.Release|Any CPU.Build.0 = Release|Any CPU
		{DFF8CE34-34E4-4126-A690-550786518FC9}.Release|x64.ActiveCfg = Release|Any CPU
		{DFF8CE34-34E4-4126-A690-550786518FC9}.Release|x64.Build.0 = Release|Any CPU
		{DFF8CE34-34E4-4126-A690-550786518FC9}.Release|x86.ActiveCfg = Release|Any CPU
		{DFF8CE34-34E4-4126-A690-550786518FC9}.Release|x86.Build.0 = Release|Any CPU
		{151D7FA0-E6EE-45A1-9BF2-8A4D6FCC32AC}.Debug|Any CPU.ActiveCfg = Debug|Any CPU
		{151D7FA0-E6EE-45A1-9BF2-8A4D6FCC32AC}.Debug|Any CPU.Build.0 = Debug|Any CPU
		{151D7FA0-E6EE-45A1-9BF2-8A4D6FCC32AC}.Debug|x64.ActiveCfg = Debug|Any CPU
		{151D7FA0-E6EE-45A1-9BF2-8A4D6FCC32AC}.Debug|x64.Build.0 = Debug|Any CPU
		{151D7FA0-E6EE-45A1-9BF2-8A4D6FCC32AC}.Debug|x86.ActiveCfg = Debug|Any CPU
		{151D7FA0-E6EE-45A1-9BF2-8A4D6FCC32AC}.Debug|x86.Build.0 = Debug|Any CPU
		{151D7FA0-E6EE-45A1-9BF2-8A4D6FCC32AC}.Release|Any CPU.ActiveCfg = Release|Any CPU
		{151D7FA0-E6EE-45A1-9BF2-8A4D6FCC32AC}.Release|Any CPU.Build.0 = Release|Any CPU
		{151D7FA0-E6EE-45A1-9BF2-8A4D6FCC32AC}.Release|x64.ActiveCfg = Release|Any CPU
		{151D7FA0-E6EE-45A1-9BF2-8A4D6FCC32AC}.Release|x64.Build.0 = Release|Any CPU
		{151D7FA0-E6EE-45A1-9BF2-8A4D6FCC32AC}.Release|x86.ActiveCfg = Release|Any CPU
		{151D7FA0-E6EE-45A1-9BF2-8A4D6FCC32AC}.Release|x86.Build.0 = Release|Any CPU
		{40D9BDE4-D90C-4238-A31F-E40A608EC7EB}.Debug|Any CPU.ActiveCfg = Debug|Any CPU
		{40D9BDE4-D90C-4238-A31F-E40A608EC7EB}.Debug|Any CPU.Build.0 = Debug|Any CPU
		{40D9BDE4-D90C-4238-A31F-E40A608EC7EB}.Debug|x64.ActiveCfg = Debug|Any CPU
		{40D9BDE4-D90C-4238-A31F-E40A608EC7EB}.Debug|x64.Build.0 = Debug|Any CPU
		{40D9BDE4-D90C-4238-A31F-E40A608EC7EB}.Debug|x86.ActiveCfg = Debug|Any CPU
		{40D9BDE4-D90C-4238-A31F-E40A608EC7EB}.Debug|x86.Build.0 = Debug|Any CPU
		{40D9BDE4-D90C-4238-A31F-E40A608EC7EB}.Release|Any CPU.ActiveCfg = Release|Any CPU
		{40D9BDE4-D90C-4238-A31F-E40A608EC7EB}.Release|Any CPU.Build.0 = Release|Any CPU
		{40D9BDE4-D90C-4238-A31F-E40A608EC7EB}.Release|x64.ActiveCfg = Release|Any CPU
		{40D9BDE4-D90C-4238-A31F-E40A608EC7EB}.Release|x64.Build.0 = Release|Any CPU
		{40D9BDE4-D90C-4238-A31F-E40A608EC7EB}.Release|x86.ActiveCfg = Release|Any CPU
		{40D9BDE4-D90C-4238-A31F-E40A608EC7EB}.Release|x86.Build.0 = Release|Any CPU
		{486BD8C0-DE1A-482B-A1BD-8A409D4D23C5}.Debug|Any CPU.ActiveCfg = Debug|Any CPU
		{486BD8C0-DE1A-482B-A1BD-8A409D4D23C5}.Debug|Any CPU.Build.0 = Debug|Any CPU
		{486BD8C0-DE1A-482B-A1BD-8A409D4D23C5}.Debug|x64.ActiveCfg = Debug|Any CPU
		{486BD8C0-DE1A-482B-A1BD-8A409D4D23C5}.Debug|x64.Build.0 = Debug|Any CPU
		{486BD8C0-DE1A-482B-A1BD-8A409D4D23C5}.Debug|x86.ActiveCfg = Debug|Any CPU
		{486BD8C0-DE1A-482B-A1BD-8A409D4D23C5}.Debug|x86.Build.0 = Debug|Any CPU
		{486BD8C0-DE1A-482B-A1BD-8A409D4D23C5}.Release|Any CPU.ActiveCfg = Release|Any CPU
		{486BD8C0-DE1A-482B-A1BD-8A409D4D23C5}.Release|Any CPU.Build.0 = Release|Any CPU
		{486BD8C0-DE1A-482B-A1BD-8A409D4D23C5}.Release|x64.ActiveCfg = Release|Any CPU
		{486BD8C0-DE1A-482B-A1BD-8A409D4D23C5}.Release|x64.Build.0 = Release|Any CPU
		{486BD8C0-DE1A-482B-A1BD-8A409D4D23C5}.Release|x86.ActiveCfg = Release|Any CPU
		{486BD8C0-DE1A-482B-A1BD-8A409D4D23C5}.Release|x86.Build.0 = Release|Any CPU
		{C34123EA-E201-49D0-AE22-503E58F7CADD}.Debug|Any CPU.ActiveCfg = Debug|Win32
		{C34123EA-E201-49D0-AE22-503E58F7CADD}.Debug|x64.ActiveCfg = Debug|x64
		{C34123EA-E201-49D0-AE22-503E58F7CADD}.Debug|x64.Build.0 = Debug|x64
		{C34123EA-E201-49D0-AE22-503E58F7CADD}.Debug|x86.ActiveCfg = Debug|Win32
		{C34123EA-E201-49D0-AE22-503E58F7CADD}.Debug|x86.Build.0 = Debug|Win32
		{C34123EA-E201-49D0-AE22-503E58F7CADD}.Release|Any CPU.ActiveCfg = Release|Win32
		{C34123EA-E201-49D0-AE22-503E58F7CADD}.Release|x64.ActiveCfg = Release|x64
		{C34123EA-E201-49D0-AE22-503E58F7CADD}.Release|x64.Build.0 = Release|x64
		{C34123EA-E201-49D0-AE22-503E58F7CADD}.Release|x86.ActiveCfg = Release|Win32
		{C34123EA-E201-49D0-AE22-503E58F7CADD}.Release|x86.Build.0 = Release|Win32
		{EA425488-5DBB-462C-A79B-A1B24FDE5E3A}.Debug|Any CPU.ActiveCfg = Debug|Any CPU
		{EA425488-5DBB-462C-A79B-A1B24FDE5E3A}.Debug|Any CPU.Build.0 = Debug|Any CPU
		{EA425488-5DBB-462C-A79B-A1B24FDE5E3A}.Debug|x64.ActiveCfg = Debug|Any CPU
		{EA425488-5DBB-462C-A79B-A1B24FDE5E3A}.Debug|x64.Build.0 = Debug|Any CPU
		{EA425488-5DBB-462C-A79B-A1B24FDE5E3A}.Debug|x86.ActiveCfg = Debug|Any CPU
		{EA425488-5DBB-462C-A79B-A1B24FDE5E3A}.Debug|x86.Build.0 = Debug|Any CPU
		{EA425488-5DBB-462C-A79B-A1B24FDE5E3A}.Release|Any CPU.ActiveCfg = Release|Any CPU
		{EA425488-5DBB-462C-A79B-A1B24FDE5E3A}.Release|Any CPU.Build.0 = Release|Any CPU
		{EA425488-5DBB-462C-A79B-A1B24FDE5E3A}.Release|x64.ActiveCfg = Release|Any CPU
		{EA425488-5DBB-462C-A79B-A1B24FDE5E3A}.Release|x64.Build.0 = Release|Any CPU
		{EA425488-5DBB-462C-A79B-A1B24FDE5E3A}.Release|x86.ActiveCfg = Release|Any CPU
		{EA425488-5DBB-462C-A79B-A1B24FDE5E3A}.Release|x86.Build.0 = Release|Any CPU
		{4F918B93-B6C4-456C-9BA5-A15B712CC9CA}.Debug|Any CPU.ActiveCfg = Debug|Any CPU
		{4F918B93-B6C4-456C-9BA5-A15B712CC9CA}.Debug|Any CPU.Build.0 = Debug|Any CPU
		{4F918B93-B6C4-456C-9BA5-A15B712CC9CA}.Debug|x64.ActiveCfg = Debug|Any CPU
		{4F918B93-B6C4-456C-9BA5-A15B712CC9CA}.Debug|x64.Build.0 = Debug|Any CPU
		{4F918B93-B6C4-456C-9BA5-A15B712CC9CA}.Debug|x86.ActiveCfg = Debug|Any CPU
		{4F918B93-B6C4-456C-9BA5-A15B712CC9CA}.Debug|x86.Build.0 = Debug|Any CPU
		{4F918B93-B6C4-456C-9BA5-A15B712CC9CA}.Release|Any CPU.ActiveCfg = Release|Any CPU
		{4F918B93-B6C4-456C-9BA5-A15B712CC9CA}.Release|Any CPU.Build.0 = Release|Any CPU
		{4F918B93-B6C4-456C-9BA5-A15B712CC9CA}.Release|x64.ActiveCfg = Release|Any CPU
		{4F918B93-B6C4-456C-9BA5-A15B712CC9CA}.Release|x64.Build.0 = Release|Any CPU
		{4F918B93-B6C4-456C-9BA5-A15B712CC9CA}.Release|x86.ActiveCfg = Release|Any CPU
		{4F918B93-B6C4-456C-9BA5-A15B712CC9CA}.Release|x86.Build.0 = Release|Any CPU
		{2B622B12-1FE6-4B6B-A122-C6910B045BAF}.Debug|Any CPU.ActiveCfg = Debug|Any CPU
		{2B622B12-1FE6-4B6B-A122-C6910B045BAF}.Debug|Any CPU.Build.0 = Debug|Any CPU
		{2B622B12-1FE6-4B6B-A122-C6910B045BAF}.Debug|x64.ActiveCfg = Debug|Any CPU
		{2B622B12-1FE6-4B6B-A122-C6910B045BAF}.Debug|x64.Build.0 = Debug|Any CPU
		{2B622B12-1FE6-4B6B-A122-C6910B045BAF}.Debug|x86.ActiveCfg = Debug|Any CPU
		{2B622B12-1FE6-4B6B-A122-C6910B045BAF}.Debug|x86.Build.0 = Debug|Any CPU
		{2B622B12-1FE6-4B6B-A122-C6910B045BAF}.Release|Any CPU.ActiveCfg = Release|Any CPU
		{2B622B12-1FE6-4B6B-A122-C6910B045BAF}.Release|Any CPU.Build.0 = Release|Any CPU
		{2B622B12-1FE6-4B6B-A122-C6910B045BAF}.Release|x64.ActiveCfg = Release|Any CPU
		{2B622B12-1FE6-4B6B-A122-C6910B045BAF}.Release|x64.Build.0 = Release|Any CPU
		{2B622B12-1FE6-4B6B-A122-C6910B045BAF}.Release|x86.ActiveCfg = Release|Any CPU
		{2B622B12-1FE6-4B6B-A122-C6910B045BAF}.Release|x86.Build.0 = Release|Any CPU
		{69141536-9847-406D-8552-F5BE96D003BF}.Debug|Any CPU.ActiveCfg = Debug|Any CPU
		{69141536-9847-406D-8552-F5BE96D003BF}.Debug|Any CPU.Build.0 = Debug|Any CPU
		{69141536-9847-406D-8552-F5BE96D003BF}.Debug|x64.ActiveCfg = Debug|Any CPU
		{69141536-9847-406D-8552-F5BE96D003BF}.Debug|x64.Build.0 = Debug|Any CPU
		{69141536-9847-406D-8552-F5BE96D003BF}.Debug|x86.ActiveCfg = Debug|Any CPU
		{69141536-9847-406D-8552-F5BE96D003BF}.Debug|x86.Build.0 = Debug|Any CPU
		{69141536-9847-406D-8552-F5BE96D003BF}.Release|Any CPU.ActiveCfg = Release|Any CPU
		{69141536-9847-406D-8552-F5BE96D003BF}.Release|Any CPU.Build.0 = Release|Any CPU
		{69141536-9847-406D-8552-F5BE96D003BF}.Release|x64.ActiveCfg = Release|Any CPU
		{69141536-9847-406D-8552-F5BE96D003BF}.Release|x64.Build.0 = Release|Any CPU
		{69141536-9847-406D-8552-F5BE96D003BF}.Release|x86.ActiveCfg = Release|Any CPU
		{69141536-9847-406D-8552-F5BE96D003BF}.Release|x86.Build.0 = Release|Any CPU
		{2F5F8C90-0BD1-424F-997C-7BC6280919D1}.Debug|Any CPU.ActiveCfg = Debug|Any CPU
		{2F5F8C90-0BD1-424F-997C-7BC6280919D1}.Debug|Any CPU.Build.0 = Debug|Any CPU
		{2F5F8C90-0BD1-424F-997C-7BC6280919D1}.Debug|x64.ActiveCfg = Debug|Any CPU
		{2F5F8C90-0BD1-424F-997C-7BC6280919D1}.Debug|x64.Build.0 = Debug|Any CPU
		{2F5F8C90-0BD1-424F-997C-7BC6280919D1}.Debug|x86.ActiveCfg = Debug|Any CPU
		{2F5F8C90-0BD1-424F-997C-7BC6280919D1}.Debug|x86.Build.0 = Debug|Any CPU
		{2F5F8C90-0BD1-424F-997C-7BC6280919D1}.Release|Any CPU.ActiveCfg = Release|Any CPU
		{2F5F8C90-0BD1-424F-997C-7BC6280919D1}.Release|Any CPU.Build.0 = Release|Any CPU
		{2F5F8C90-0BD1-424F-997C-7BC6280919D1}.Release|x64.ActiveCfg = Release|Any CPU
		{2F5F8C90-0BD1-424F-997C-7BC6280919D1}.Release|x64.Build.0 = Release|Any CPU
		{2F5F8C90-0BD1-424F-997C-7BC6280919D1}.Release|x86.ActiveCfg = Release|Any CPU
		{2F5F8C90-0BD1-424F-997C-7BC6280919D1}.Release|x86.Build.0 = Release|Any CPU
		{8D519236-C569-4492-B29B-3A3C8861ACD8}.Debug|Any CPU.ActiveCfg = Debug|Any CPU
		{8D519236-C569-4492-B29B-3A3C8861ACD8}.Debug|Any CPU.Build.0 = Debug|Any CPU
		{8D519236-C569-4492-B29B-3A3C8861ACD8}.Debug|x64.ActiveCfg = Debug|Any CPU
		{8D519236-C569-4492-B29B-3A3C8861ACD8}.Debug|x64.Build.0 = Debug|Any CPU
		{8D519236-C569-4492-B29B-3A3C8861ACD8}.Debug|x86.ActiveCfg = Debug|Any CPU
		{8D519236-C569-4492-B29B-3A3C8861ACD8}.Debug|x86.Build.0 = Debug|Any CPU
		{8D519236-C569-4492-B29B-3A3C8861ACD8}.Release|Any CPU.ActiveCfg = Release|Any CPU
		{8D519236-C569-4492-B29B-3A3C8861ACD8}.Release|Any CPU.Build.0 = Release|Any CPU
		{8D519236-C569-4492-B29B-3A3C8861ACD8}.Release|x64.ActiveCfg = Release|Any CPU
		{8D519236-C569-4492-B29B-3A3C8861ACD8}.Release|x64.Build.0 = Release|Any CPU
		{8D519236-C569-4492-B29B-3A3C8861ACD8}.Release|x86.ActiveCfg = Release|Any CPU
		{8D519236-C569-4492-B29B-3A3C8861ACD8}.Release|x86.Build.0 = Release|Any CPU
		{D7C85C3F-FE3B-426F-9C8F-5D4ADEFBBB6F}.Debug|Any CPU.ActiveCfg = Debug|Any CPU
		{D7C85C3F-FE3B-426F-9C8F-5D4ADEFBBB6F}.Debug|Any CPU.Build.0 = Debug|Any CPU
		{D7C85C3F-FE3B-426F-9C8F-5D4ADEFBBB6F}.Debug|x64.ActiveCfg = Debug|Any CPU
		{D7C85C3F-FE3B-426F-9C8F-5D4ADEFBBB6F}.Debug|x64.Build.0 = Debug|Any CPU
		{D7C85C3F-FE3B-426F-9C8F-5D4ADEFBBB6F}.Debug|x86.ActiveCfg = Debug|Any CPU
		{D7C85C3F-FE3B-426F-9C8F-5D4ADEFBBB6F}.Debug|x86.Build.0 = Debug|Any CPU
		{D7C85C3F-FE3B-426F-9C8F-5D4ADEFBBB6F}.Release|Any CPU.ActiveCfg = Release|Any CPU
		{D7C85C3F-FE3B-426F-9C8F-5D4ADEFBBB6F}.Release|Any CPU.Build.0 = Release|Any CPU
		{D7C85C3F-FE3B-426F-9C8F-5D4ADEFBBB6F}.Release|x64.ActiveCfg = Release|Any CPU
		{D7C85C3F-FE3B-426F-9C8F-5D4ADEFBBB6F}.Release|x64.Build.0 = Release|Any CPU
		{D7C85C3F-FE3B-426F-9C8F-5D4ADEFBBB6F}.Release|x86.ActiveCfg = Release|Any CPU
		{D7C85C3F-FE3B-426F-9C8F-5D4ADEFBBB6F}.Release|x86.Build.0 = Release|Any CPU
		{813889B5-C9A5-4978-B4CD-75DE743A3C73}.Debug|Any CPU.ActiveCfg = Debug|Any CPU
		{813889B5-C9A5-4978-B4CD-75DE743A3C73}.Debug|Any CPU.Build.0 = Debug|Any CPU
		{813889B5-C9A5-4978-B4CD-75DE743A3C73}.Debug|x64.ActiveCfg = Debug|Any CPU
		{813889B5-C9A5-4978-B4CD-75DE743A3C73}.Debug|x64.Build.0 = Debug|Any CPU
		{813889B5-C9A5-4978-B4CD-75DE743A3C73}.Debug|x86.ActiveCfg = Debug|Any CPU
		{813889B5-C9A5-4978-B4CD-75DE743A3C73}.Debug|x86.Build.0 = Debug|Any CPU
		{813889B5-C9A5-4978-B4CD-75DE743A3C73}.Release|Any CPU.ActiveCfg = Release|Any CPU
		{813889B5-C9A5-4978-B4CD-75DE743A3C73}.Release|Any CPU.Build.0 = Release|Any CPU
		{813889B5-C9A5-4978-B4CD-75DE743A3C73}.Release|x64.ActiveCfg = Release|Any CPU
		{813889B5-C9A5-4978-B4CD-75DE743A3C73}.Release|x64.Build.0 = Release|Any CPU
		{813889B5-C9A5-4978-B4CD-75DE743A3C73}.Release|x86.ActiveCfg = Release|Any CPU
		{813889B5-C9A5-4978-B4CD-75DE743A3C73}.Release|x86.Build.0 = Release|Any CPU
		{3B4AA939-7C65-4E5B-8416-BE6C92F277D7}.Debug|Any CPU.ActiveCfg = Debug|Any CPU
		{3B4AA939-7C65-4E5B-8416-BE6C92F277D7}.Debug|Any CPU.Build.0 = Debug|Any CPU
		{3B4AA939-7C65-4E5B-8416-BE6C92F277D7}.Debug|x64.ActiveCfg = Debug|Any CPU
		{3B4AA939-7C65-4E5B-8416-BE6C92F277D7}.Debug|x64.Build.0 = Debug|Any CPU
		{3B4AA939-7C65-4E5B-8416-BE6C92F277D7}.Debug|x86.ActiveCfg = Debug|Any CPU
		{3B4AA939-7C65-4E5B-8416-BE6C92F277D7}.Debug|x86.Build.0 = Debug|Any CPU
		{3B4AA939-7C65-4E5B-8416-BE6C92F277D7}.Release|Any CPU.ActiveCfg = Release|Any CPU
		{3B4AA939-7C65-4E5B-8416-BE6C92F277D7}.Release|Any CPU.Build.0 = Release|Any CPU
		{3B4AA939-7C65-4E5B-8416-BE6C92F277D7}.Release|x64.ActiveCfg = Release|Any CPU
		{3B4AA939-7C65-4E5B-8416-BE6C92F277D7}.Release|x64.Build.0 = Release|Any CPU
		{3B4AA939-7C65-4E5B-8416-BE6C92F277D7}.Release|x86.ActiveCfg = Release|Any CPU
		{3B4AA939-7C65-4E5B-8416-BE6C92F277D7}.Release|x86.Build.0 = Release|Any CPU
		{FEB70291-112A-44CE-87DD-9042186555DE}.Debug|Any CPU.ActiveCfg = Debug|Any CPU
		{FEB70291-112A-44CE-87DD-9042186555DE}.Debug|Any CPU.Build.0 = Debug|Any CPU
		{FEB70291-112A-44CE-87DD-9042186555DE}.Debug|x64.ActiveCfg = Debug|Any CPU
		{FEB70291-112A-44CE-87DD-9042186555DE}.Debug|x64.Build.0 = Debug|Any CPU
		{FEB70291-112A-44CE-87DD-9042186555DE}.Debug|x86.ActiveCfg = Debug|Any CPU
		{FEB70291-112A-44CE-87DD-9042186555DE}.Debug|x86.Build.0 = Debug|Any CPU
		{FEB70291-112A-44CE-87DD-9042186555DE}.Release|Any CPU.ActiveCfg = Release|Any CPU
		{FEB70291-112A-44CE-87DD-9042186555DE}.Release|Any CPU.Build.0 = Release|Any CPU
		{FEB70291-112A-44CE-87DD-9042186555DE}.Release|x64.ActiveCfg = Release|Any CPU
		{FEB70291-112A-44CE-87DD-9042186555DE}.Release|x64.Build.0 = Release|Any CPU
		{FEB70291-112A-44CE-87DD-9042186555DE}.Release|x86.ActiveCfg = Release|Any CPU
		{FEB70291-112A-44CE-87DD-9042186555DE}.Release|x86.Build.0 = Release|Any CPU
		{93892476-83AE-47CD-95E6-33BF103337B6}.Debug|Any CPU.ActiveCfg = Debug|Any CPU
		{93892476-83AE-47CD-95E6-33BF103337B6}.Debug|Any CPU.Build.0 = Debug|Any CPU
		{93892476-83AE-47CD-95E6-33BF103337B6}.Debug|x64.ActiveCfg = Debug|Any CPU
		{93892476-83AE-47CD-95E6-33BF103337B6}.Debug|x64.Build.0 = Debug|Any CPU
		{93892476-83AE-47CD-95E6-33BF103337B6}.Debug|x86.ActiveCfg = Debug|Any CPU
		{93892476-83AE-47CD-95E6-33BF103337B6}.Debug|x86.Build.0 = Debug|Any CPU
		{93892476-83AE-47CD-95E6-33BF103337B6}.Release|Any CPU.ActiveCfg = Release|Any CPU
		{93892476-83AE-47CD-95E6-33BF103337B6}.Release|Any CPU.Build.0 = Release|Any CPU
		{93892476-83AE-47CD-95E6-33BF103337B6}.Release|x64.ActiveCfg = Release|Any CPU
		{93892476-83AE-47CD-95E6-33BF103337B6}.Release|x64.Build.0 = Release|Any CPU
		{93892476-83AE-47CD-95E6-33BF103337B6}.Release|x86.ActiveCfg = Release|Any CPU
		{93892476-83AE-47CD-95E6-33BF103337B6}.Release|x86.Build.0 = Release|Any CPU
	EndGlobalSection
	GlobalSection(SolutionProperties) = preSolution
		HideSolutionNode = FALSE
	EndGlobalSection
	GlobalSection(ExtensibilityGlobals) = postSolution
		SolutionGuid = {53C6A23C-2D8B-4F30-A0D5-F691FF9FB454}
	EndGlobalSection
EndGlobal
